// !$*UTF8*$!
{
	archiveVersion = 1;
	classes = {
	};
	objectVersion = 50;
	objects = {

/* Begin PBXBuildFile section */
		0411295A2110937300AE884D /* OAuth2.framework in Frameworks */ = {isa = PBXBuildFile; fileRef = 041129592110937300AE884D /* OAuth2.framework */; };
		0412B7892126B62500976DB6 /* AddEntitiesToIntervention.swift in Sources */ = {isa = PBXBuildFile; fileRef = 0412B7882126B62500976DB6 /* AddEntitiesToIntervention.swift */; };
		0412B78D2126BB3A00976DB6 /* EntitiesTableViewCell.swift in Sources */ = {isa = PBXBuildFile; fileRef = 0412B78C2126BB3A00976DB6 /* EntitiesTableViewCell.swift */; };
		0413DE84211B3E2800AE8337 /* UseToolsIntervention.swift in Sources */ = {isa = PBXBuildFile; fileRef = 0413DE83211B3E2800AE8337 /* UseToolsIntervention.swift */; };
		0414257E212D5D8600FBBD0D /* SelectedInputsTableViewCell.swift in Sources */ = {isa = PBXBuildFile; fileRef = 0414257D212D5D8600FBBD0D /* SelectedInputsTableViewCell.swift */; };
		04162E58212C431700EF4318 /* FertilizersTableViewCell.swift in Sources */ = {isa = PBXBuildFile; fileRef = 04162E57212C431700EF4318 /* FertilizersTableViewCell.swift */; };
		04162E5A212C432200EF4318 /* PhytosTableViewCell.swift in Sources */ = {isa = PBXBuildFile; fileRef = 04162E59212C432200EF4318 /* PhytosTableViewCell.swift */; };
		04162E5C212C432B00EF4318 /* SeedsTableViewCell.swift in Sources */ = {isa = PBXBuildFile; fileRef = 04162E5B212C432B00EF4318 /* SeedsTableViewCell.swift */; };
		04162E5E212C434200EF4318 /* InputsView.swift in Sources */ = {isa = PBXBuildFile; fileRef = 04162E5D212C434100EF4318 /* InputsView.swift */; };
		04162E60212C434A00EF4318 /* SelectDateView.swift in Sources */ = {isa = PBXBuildFile; fileRef = 04162E5F212C434A00EF4318 /* SelectDateView.swift */; };
		04162E62212C518800EF4318 /* InputsSelection.swift in Sources */ = {isa = PBXBuildFile; fileRef = 04162E61212C518800EF4318 /* InputsSelection.swift */; };
		042A44342121B38600CE6B24 /* ColorConstants.swift in Sources */ = {isa = PBXBuildFile; fileRef = 042A44332121B38600CE6B24 /* ColorConstants.swift */; };
		042A44362121B45B00CE6B24 /* CropTableViewCell.swift in Sources */ = {isa = PBXBuildFile; fileRef = 042A44352121B45B00CE6B24 /* CropTableViewCell.swift */; };
		042F654C2118590500EC9E27 /* oauthInfo.plist in Resources */ = {isa = PBXBuildFile; fileRef = 042F654B2118590500EC9E27 /* oauthInfo.plist */; };
		047B57D02108618200C48F68 /* AuthentificationService.swift in Sources */ = {isa = PBXBuildFile; fileRef = 047B57CF2108618200C48F68 /* AuthentificationService.swift */; };
		047BF0BD2105D405009F3945 /* Users+CoreDataClass.swift in Sources */ = {isa = PBXBuildFile; fileRef = 047BF0BB2105D405009F3945 /* Users+CoreDataClass.swift */; };
		047BF0BE2105D405009F3945 /* Users+CoreDataProperties.swift in Sources */ = {isa = PBXBuildFile; fileRef = 047BF0BC2105D405009F3945 /* Users+CoreDataProperties.swift */; };
		047BF0C721060AE4009F3945 /* UsersDatabase.swift in Sources */ = {isa = PBXBuildFile; fileRef = 047BF0C621060AE4009F3945 /* UsersDatabase.swift */; };
		6B16F9342110A4E900D63316 /* ToolsTableViewCell.swift in Sources */ = {isa = PBXBuildFile; fileRef = 6B16F9332110A4E900D63316 /* ToolsTableViewCell.swift */; };
		6B63806D210EFB47004DE5CC /* AddInterventionViewController.swift in Sources */ = {isa = PBXBuildFile; fileRef = 6B63806C210EFB47004DE5CC /* AddInterventionViewController.swift */; };
		6BB225402118490A0036E167 /* Assets.xcassets in Resources */ = {isa = PBXBuildFile; fileRef = 6BB2253A211849090036E167 /* Assets.xcassets */; };
		6BB225412118490A0036E167 /* Clic_Farm_iOS.xcdatamodeld in Sources */ = {isa = PBXBuildFile; fileRef = 6BB2253B211849090036E167 /* Clic_Farm_iOS.xcdatamodeld */; };
		6BB225432118490A0036E167 /* AppDelegate.swift in Sources */ = {isa = PBXBuildFile; fileRef = 6BB2253E211849090036E167 /* AppDelegate.swift */; };
		6BB22547211849DD0036E167 /* Main.storyboard in Resources */ = {isa = PBXBuildFile; fileRef = 6BB22546211849C20036E167 /* Main.storyboard */; };
		6BB22548211849E00036E167 /* LaunchScreen.storyboard in Resources */ = {isa = PBXBuildFile; fileRef = 6BB22545211849C20036E167 /* LaunchScreen.storyboard */; };
		6BEA65892105C5EF0072840F /* Clic_Farm_iOSTests.swift in Sources */ = {isa = PBXBuildFile; fileRef = 6BEA65882105C5EF0072840F /* Clic_Farm_iOSTests.swift */; };
		6BEA65D02105CC5A0072840F /* UIApplicationExtensions.swift in Sources */ = {isa = PBXBuildFile; fileRef = 6BEA65CF2105CC590072840F /* UIApplicationExtensions.swift */; };
		6BEA65DD2105CD820072840F /* LoginScreen.swift in Sources */ = {isa = PBXBuildFile; fileRef = 6BEA65DA2105CD820072840F /* LoginScreen.swift */; };
		6BEA65DF2105CD820072840F /* InterventionViewController.swift in Sources */ = {isa = PBXBuildFile; fileRef = 6BEA65DC2105CD820072840F /* InterventionViewController.swift */; };
		6BEA65E52105CD8B0072840F /* Connectivity.swift in Sources */ = {isa = PBXBuildFile; fileRef = 6BEA65E02105CD8A0072840F /* Connectivity.swift */; };
		6BEA65E62105CD8B0072840F /* KeychainService.swift in Sources */ = {isa = PBXBuildFile; fileRef = 6BEA65E12105CD8A0072840F /* KeychainService.swift */; };
		6BEA65E72105CD8B0072840F /* Intervention.swift in Sources */ = {isa = PBXBuildFile; fileRef = 6BEA65E22105CD8A0072840F /* Intervention.swift */; };
		6BEA65E82105CD8B0072840F /* InterventionTableViewCell.swift in Sources */ = {isa = PBXBuildFile; fileRef = 6BEA65E32105CD8A0072840F /* InterventionTableViewCell.swift */; };
		6BEA65EB2105CD900072840F /* RoundedButton.swift in Sources */ = {isa = PBXBuildFile; fileRef = 6BEA65EA2105CD900072840F /* RoundedButton.swift */; };
/* End PBXBuildFile section */

/* Begin PBXContainerItemProxy section */
		6BEA65852105C5EF0072840F /* PBXContainerItemProxy */ = {
			isa = PBXContainerItemProxy;
			containerPortal = 6BEA65652105C5EE0072840F /* Project object */;
			proxyType = 1;
			remoteGlobalIDString = 6BEA656C2105C5EE0072840F;
			remoteInfo = "Clic&Farm-iOS";
		};
/* End PBXContainerItemProxy section */

/* Begin PBXFileReference section */
		041129592110937300AE884D /* OAuth2.framework */ = {isa = PBXFileReference; lastKnownFileType = wrapper.framework; name = OAuth2.framework; path = Carthage/Build/iOS/OAuth2.framework; sourceTree = "<group>"; };
		0412B7882126B62500976DB6 /* AddEntitiesToIntervention.swift */ = {isa = PBXFileReference; lastKnownFileType = sourcecode.swift; path = AddEntitiesToIntervention.swift; sourceTree = "<group>"; };
		0412B78C2126BB3A00976DB6 /* EntitiesTableViewCell.swift */ = {isa = PBXFileReference; lastKnownFileType = sourcecode.swift; path = EntitiesTableViewCell.swift; sourceTree = "<group>"; };
		0413DE83211B3E2800AE8337 /* UseToolsIntervention.swift */ = {isa = PBXFileReference; lastKnownFileType = sourcecode.swift; path = UseToolsIntervention.swift; sourceTree = "<group>"; };
		0414257D212D5D8600FBBD0D /* SelectedInputsTableViewCell.swift */ = {isa = PBXFileReference; lastKnownFileType = sourcecode.swift; path = SelectedInputsTableViewCell.swift; sourceTree = "<group>"; };
		04162E57212C431700EF4318 /* FertilizersTableViewCell.swift */ = {isa = PBXFileReference; fileEncoding = 4; lastKnownFileType = sourcecode.swift; path = FertilizersTableViewCell.swift; sourceTree = "<group>"; };
		04162E59212C432200EF4318 /* PhytosTableViewCell.swift */ = {isa = PBXFileReference; fileEncoding = 4; lastKnownFileType = sourcecode.swift; path = PhytosTableViewCell.swift; sourceTree = "<group>"; };
		04162E5B212C432B00EF4318 /* SeedsTableViewCell.swift */ = {isa = PBXFileReference; fileEncoding = 4; lastKnownFileType = sourcecode.swift; path = SeedsTableViewCell.swift; sourceTree = "<group>"; };
		04162E5D212C434100EF4318 /* InputsView.swift */ = {isa = PBXFileReference; fileEncoding = 4; lastKnownFileType = sourcecode.swift; path = InputsView.swift; sourceTree = "<group>"; };
		04162E5F212C434A00EF4318 /* SelectDateView.swift */ = {isa = PBXFileReference; fileEncoding = 4; lastKnownFileType = sourcecode.swift; path = SelectDateView.swift; sourceTree = "<group>"; };
		04162E61212C518800EF4318 /* InputsSelection.swift */ = {isa = PBXFileReference; lastKnownFileType = sourcecode.swift; path = InputsSelection.swift; sourceTree = "<group>"; };
		042A44332121B38600CE6B24 /* ColorConstants.swift */ = {isa = PBXFileReference; fileEncoding = 4; lastKnownFileType = sourcecode.swift; path = ColorConstants.swift; sourceTree = "<group>"; };
		042A44352121B45B00CE6B24 /* CropTableViewCell.swift */ = {isa = PBXFileReference; fileEncoding = 4; lastKnownFileType = sourcecode.swift; path = CropTableViewCell.swift; sourceTree = "<group>"; };
		042F654B2118590500EC9E27 /* oauthInfo.plist */ = {isa = PBXFileReference; lastKnownFileType = text.plist.xml; path = oauthInfo.plist; sourceTree = "<group>"; };
		047B57CF2108618200C48F68 /* AuthentificationService.swift */ = {isa = PBXFileReference; lastKnownFileType = sourcecode.swift; path = AuthentificationService.swift; sourceTree = "<group>"; };
		047BF0BB2105D405009F3945 /* Users+CoreDataClass.swift */ = {isa = PBXFileReference; lastKnownFileType = sourcecode.swift; path = "Users+CoreDataClass.swift"; sourceTree = "<group>"; };
		047BF0BC2105D405009F3945 /* Users+CoreDataProperties.swift */ = {isa = PBXFileReference; lastKnownFileType = sourcecode.swift; path = "Users+CoreDataProperties.swift"; sourceTree = "<group>"; };
		047BF0C621060AE4009F3945 /* UsersDatabase.swift */ = {isa = PBXFileReference; lastKnownFileType = sourcecode.swift; path = UsersDatabase.swift; sourceTree = "<group>"; };
		6B16F9332110A4E900D63316 /* ToolsTableViewCell.swift */ = {isa = PBXFileReference; lastKnownFileType = sourcecode.swift; path = ToolsTableViewCell.swift; sourceTree = "<group>"; };
		6B63806C210EFB47004DE5CC /* AddInterventionViewController.swift */ = {isa = PBXFileReference; lastKnownFileType = sourcecode.swift; path = AddInterventionViewController.swift; sourceTree = "<group>"; };
		6BB2253A211849090036E167 /* Assets.xcassets */ = {isa = PBXFileReference; lastKnownFileType = folder.assetcatalog; path = Assets.xcassets; sourceTree = "<group>"; };
		6BB2253C211849090036E167 /* Clic_Farm_iOS.xcdatamodel */ = {isa = PBXFileReference; lastKnownFileType = wrapper.xcdatamodel; path = Clic_Farm_iOS.xcdatamodel; sourceTree = "<group>"; };
		6BB2253D211849090036E167 /* Info.plist */ = {isa = PBXFileReference; fileEncoding = 4; lastKnownFileType = text.plist.xml; path = Info.plist; sourceTree = "<group>"; };
		6BB2253E211849090036E167 /* AppDelegate.swift */ = {isa = PBXFileReference; fileEncoding = 4; lastKnownFileType = sourcecode.swift; path = AppDelegate.swift; sourceTree = "<group>"; };
		6BB22545211849C20036E167 /* LaunchScreen.storyboard */ = {isa = PBXFileReference; lastKnownFileType = file.storyboard; path = LaunchScreen.storyboard; sourceTree = "<group>"; };
		6BB22546211849C20036E167 /* Main.storyboard */ = {isa = PBXFileReference; lastKnownFileType = file.storyboard; path = Main.storyboard; sourceTree = "<group>"; };
		6BEA656D2105C5EE0072840F /* Clic&Farm-iOS.app */ = {isa = PBXFileReference; explicitFileType = wrapper.application; includeInIndex = 0; path = "Clic&Farm-iOS.app"; sourceTree = BUILT_PRODUCTS_DIR; };
		6BEA65842105C5EF0072840F /* Clic&Farm-iOSTests.xctest */ = {isa = PBXFileReference; explicitFileType = wrapper.cfbundle; includeInIndex = 0; path = "Clic&Farm-iOSTests.xctest"; sourceTree = BUILT_PRODUCTS_DIR; };
		6BEA65882105C5EF0072840F /* Clic_Farm_iOSTests.swift */ = {isa = PBXFileReference; lastKnownFileType = sourcecode.swift; path = Clic_Farm_iOSTests.swift; sourceTree = "<group>"; };
		6BEA658A2105C5EF0072840F /* Info.plist */ = {isa = PBXFileReference; lastKnownFileType = text.plist.xml; path = Info.plist; sourceTree = "<group>"; };
		6BEA65CF2105CC590072840F /* UIApplicationExtensions.swift */ = {isa = PBXFileReference; fileEncoding = 4; lastKnownFileType = sourcecode.swift; path = UIApplicationExtensions.swift; sourceTree = "<group>"; };
		6BEA65DA2105CD820072840F /* LoginScreen.swift */ = {isa = PBXFileReference; fileEncoding = 4; lastKnownFileType = sourcecode.swift; path = LoginScreen.swift; sourceTree = "<group>"; };
		6BEA65DC2105CD820072840F /* InterventionViewController.swift */ = {isa = PBXFileReference; fileEncoding = 4; lastKnownFileType = sourcecode.swift; path = InterventionViewController.swift; sourceTree = "<group>"; };
		6BEA65E02105CD8A0072840F /* Connectivity.swift */ = {isa = PBXFileReference; fileEncoding = 4; lastKnownFileType = sourcecode.swift; path = Connectivity.swift; sourceTree = "<group>"; };
		6BEA65E12105CD8A0072840F /* KeychainService.swift */ = {isa = PBXFileReference; fileEncoding = 4; lastKnownFileType = sourcecode.swift; path = KeychainService.swift; sourceTree = "<group>"; };
		6BEA65E22105CD8A0072840F /* Intervention.swift */ = {isa = PBXFileReference; fileEncoding = 4; lastKnownFileType = sourcecode.swift; path = Intervention.swift; sourceTree = "<group>"; };
		6BEA65E32105CD8A0072840F /* InterventionTableViewCell.swift */ = {isa = PBXFileReference; fileEncoding = 4; lastKnownFileType = sourcecode.swift; path = InterventionTableViewCell.swift; sourceTree = "<group>"; };
		6BEA65EA2105CD900072840F /* RoundedButton.swift */ = {isa = PBXFileReference; fileEncoding = 4; lastKnownFileType = sourcecode.swift; path = RoundedButton.swift; sourceTree = "<group>"; };
/* End PBXFileReference section */

/* Begin PBXFrameworksBuildPhase section */
		6BEA656A2105C5EE0072840F /* Frameworks */ = {
			isa = PBXFrameworksBuildPhase;
			buildActionMask = 2147483647;
			files = (
				0411295A2110937300AE884D /* OAuth2.framework in Frameworks */,
			);
			runOnlyForDeploymentPostprocessing = 0;
		};
		6BEA65812105C5EF0072840F /* Frameworks */ = {
			isa = PBXFrameworksBuildPhase;
			buildActionMask = 2147483647;
			files = (
			);
			runOnlyForDeploymentPostprocessing = 0;
		};
/* End PBXFrameworksBuildPhase section */

/* Begin PBXGroup section */
		042A44322121B38600CE6B24 /* Constants */ = {
			isa = PBXGroup;
			children = (
				042A44332121B38600CE6B24 /* ColorConstants.swift */,
			);
			path = Constants;
			sourceTree = "<group>";
		};
		047B57CB2108605400C48F68 /* Frameworks */ = {
			isa = PBXGroup;
			children = (
				041129592110937300AE884D /* OAuth2.framework */,
			);
			name = Frameworks;
			sourceTree = "<group>";
		};
		047BF0B02105D1D2009F3945 /* Controllers */ = {
			isa = PBXGroup;
			children = (
				0412B7882126B62500976DB6 /* AddEntitiesToIntervention.swift */,
				6B63806C210EFB47004DE5CC /* AddInterventionViewController.swift */,
				047B57CF2108618200C48F68 /* AuthentificationService.swift */,
				6BEA65DC2105CD820072840F /* InterventionViewController.swift */,
				6BEA65DA2105CD820072840F /* LoginScreen.swift */,
				0413DE83211B3E2800AE8337 /* UseToolsIntervention.swift */,
			);
			path = Controllers;
			sourceTree = "<group>";
		};
		047BF0B12105D1F9009F3945 /* Views */ = {
			isa = PBXGroup;
			children = (
				6BB22545211849C20036E167 /* LaunchScreen.storyboard */,
				6BB22546211849C20036E167 /* Main.storyboard */,
				04162E61212C518800EF4318 /* InputsSelection.swift */,
				04162E5D212C434100EF4318 /* InputsView.swift */,
				6BEA65EA2105CD900072840F /* RoundedButton.swift */,
				04162E5F212C434A00EF4318 /* SelectDateView.swift */,
				6BEA65CF2105CC590072840F /* UIApplicationExtensions.swift */,
			);
			path = Views;
			sourceTree = "<group>";
		};
		047BF0B22105D20B009F3945 /* Models */ = {
			isa = PBXGroup;
			children = (
				6BEA65E02105CD8A0072840F /* Connectivity.swift */,
				042A44352121B45B00CE6B24 /* CropTableViewCell.swift */,
				0412B78C2126BB3A00976DB6 /* EntitiesTableViewCell.swift */,
				04162E57212C431700EF4318 /* FertilizersTableViewCell.swift */,
				6BEA65E22105CD8A0072840F /* Intervention.swift */,
				6BEA65E32105CD8A0072840F /* InterventionTableViewCell.swift */,
				6BEA65E12105CD8A0072840F /* KeychainService.swift */,
				04162E59212C432200EF4318 /* PhytosTableViewCell.swift */,
				04162E5B212C432B00EF4318 /* SeedsTableViewCell.swift */,
				0414257D212D5D8600FBBD0D /* SelectedInputsTableViewCell.swift */,
				6B16F9332110A4E900D63316 /* ToolsTableViewCell.swift */,
			);
			path = Models;
			sourceTree = "<group>";
		};
		047BF0BF2105F44F009F3945 /* CoreData */ = {
			isa = PBXGroup;
			children = (
				047BF0BB2105D405009F3945 /* Users+CoreDataClass.swift */,
				047BF0BC2105D405009F3945 /* Users+CoreDataProperties.swift */,
				047BF0C621060AE4009F3945 /* UsersDatabase.swift */,
				6BB2253B211849090036E167 /* Clic_Farm_iOS.xcdatamodeld */,
			);
			path = CoreData;
			sourceTree = "<group>";
		};
		6BEA65642105C5EE0072840F = {
			isa = PBXGroup;
			children = (
				6BB2253D211849090036E167 /* Info.plist */,
				042F654B2118590500EC9E27 /* oauthInfo.plist */,
				6BB2253E211849090036E167 /* AppDelegate.swift */,
				6BB2253A211849090036E167 /* Assets.xcassets */,
				6BEA65872105C5EF0072840F /* Clic&Farm-iOSTests */,
				042A44322121B38600CE6B24 /* Constants */,
				047BF0B02105D1D2009F3945 /* Controllers */,
				047BF0BF2105F44F009F3945 /* CoreData */,
				047B57CB2108605400C48F68 /* Frameworks */,
				047BF0B22105D20B009F3945 /* Models */,
				6BEA656E2105C5EE0072840F /* Products */,
				047BF0B12105D1F9009F3945 /* Views */,
			);
			sourceTree = "<group>";
		};
		6BEA656E2105C5EE0072840F /* Products */ = {
			isa = PBXGroup;
			children = (
				6BEA656D2105C5EE0072840F /* Clic&Farm-iOS.app */,
				6BEA65842105C5EF0072840F /* Clic&Farm-iOSTests.xctest */,
			);
			name = Products;
			sourceTree = "<group>";
		};
		6BEA65872105C5EF0072840F /* Clic&Farm-iOSTests */ = {
			isa = PBXGroup;
			children = (
				6BEA658A2105C5EF0072840F /* Info.plist */,
				6BEA65882105C5EF0072840F /* Clic_Farm_iOSTests.swift */,
			);
			path = "Clic&Farm-iOSTests";
			sourceTree = "<group>";
		};
/* End PBXGroup section */

/* Begin PBXNativeTarget section */
		6BEA656C2105C5EE0072840F /* Clic&Farm-iOS */ = {
			isa = PBXNativeTarget;
			buildConfigurationList = 6BEA658D2105C5EF0072840F /* Build configuration list for PBXNativeTarget "Clic&Farm-iOS" */;
			buildPhases = (
				6BEA65692105C5EE0072840F /* Sources */,
				6BEA656A2105C5EE0072840F /* Frameworks */,
				6BEA656B2105C5EE0072840F /* Resources */,
				0411295B2110939D00AE884D /* ShellScript */,
			);
			buildRules = (
			);
			dependencies = (
			);
			name = "Clic&Farm-iOS";
			productName = "Clic&Farm-iOS";
			productReference = 6BEA656D2105C5EE0072840F /* Clic&Farm-iOS.app */;
			productType = "com.apple.product-type.application";
		};
		6BEA65832105C5EF0072840F /* Clic&Farm-iOSTests */ = {
			isa = PBXNativeTarget;
			buildConfigurationList = 6BEA65902105C5EF0072840F /* Build configuration list for PBXNativeTarget "Clic&Farm-iOSTests" */;
			buildPhases = (
				6BEA65802105C5EF0072840F /* Sources */,
				6BEA65812105C5EF0072840F /* Frameworks */,
				6BEA65822105C5EF0072840F /* Resources */,
			);
			buildRules = (
			);
			dependencies = (
				6BEA65862105C5EF0072840F /* PBXTargetDependency */,
			);
			name = "Clic&Farm-iOSTests";
			productName = "Clic&Farm-iOSTests";
			productReference = 6BEA65842105C5EF0072840F /* Clic&Farm-iOSTests.xctest */;
			productType = "com.apple.product-type.bundle.unit-test";
		};
/* End PBXNativeTarget section */

/* Begin PBXProject section */
		6BEA65652105C5EE0072840F /* Project object */ = {
			isa = PBXProject;
			attributes = {
				LastSwiftUpdateCheck = 0940;
				LastUpgradeCheck = 0940;
				ORGANIZATIONNAME = Ekylibre;
				TargetAttributes = {
					6BEA656C2105C5EE0072840F = {
						CreatedOnToolsVersion = 9.4.1;
					};
					6BEA65832105C5EF0072840F = {
						CreatedOnToolsVersion = 9.4.1;
						TestTargetID = 6BEA656C2105C5EE0072840F;
					};
				};
			};
			buildConfigurationList = 6BEA65682105C5EE0072840F /* Build configuration list for PBXProject "Clic&Farm-iOS" */;
			compatibilityVersion = "Xcode 9.3";
			developmentRegion = en;
			hasScannedForEncodings = 0;
			knownRegions = (
				en,
				Base,
			);
			mainGroup = 6BEA65642105C5EE0072840F;
			productRefGroup = 6BEA656E2105C5EE0072840F /* Products */;
			projectDirPath = "";
			projectRoot = "";
			targets = (
				6BEA656C2105C5EE0072840F /* Clic&Farm-iOS */,
				6BEA65832105C5EF0072840F /* Clic&Farm-iOSTests */,
			);
		};
/* End PBXProject section */

/* Begin PBXResourcesBuildPhase section */
		6BEA656B2105C5EE0072840F /* Resources */ = {
			isa = PBXResourcesBuildPhase;
			buildActionMask = 2147483647;
			files = (
				6BB22547211849DD0036E167 /* Main.storyboard in Resources */,
				6BB22548211849E00036E167 /* LaunchScreen.storyboard in Resources */,
				042F654C2118590500EC9E27 /* oauthInfo.plist in Resources */,
				6BB225402118490A0036E167 /* Assets.xcassets in Resources */,
			);
			runOnlyForDeploymentPostprocessing = 0;
		};
		6BEA65822105C5EF0072840F /* Resources */ = {
			isa = PBXResourcesBuildPhase;
			buildActionMask = 2147483647;
			files = (
			);
			runOnlyForDeploymentPostprocessing = 0;
		};
/* End PBXResourcesBuildPhase section */

/* Begin PBXShellScriptBuildPhase section */
		0411295B2110939D00AE884D /* ShellScript */ = {
			isa = PBXShellScriptBuildPhase;
			buildActionMask = 2147483647;
			files = (
			);
			inputPaths = (
				"$(SRCROOT)/Carthage/Build/iOS/OAuth2.framework",
			);
			outputPaths = (
			);
			runOnlyForDeploymentPostprocessing = 0;
			shellPath = /bin/sh;
			shellScript = "/usr/local/bin/carthage copy-frameworks";
		};
/* End PBXShellScriptBuildPhase section */

/* Begin PBXSourcesBuildPhase section */
		6BEA65692105C5EE0072840F /* Sources */ = {
			isa = PBXSourcesBuildPhase;
			buildActionMask = 2147483647;
			files = (
				047BF0BD2105D405009F3945 /* Users+CoreDataClass.swift in Sources */,
				6B16F9342110A4E900D63316 /* ToolsTableViewCell.swift in Sources */,
				6BEA65DF2105CD820072840F /* InterventionViewController.swift in Sources */,
				6B63806D210EFB47004DE5CC /* AddInterventionViewController.swift in Sources */,
				04162E5E212C434200EF4318 /* InputsView.swift in Sources */,
				047BF0BE2105D405009F3945 /* Users+CoreDataProperties.swift in Sources */,
				04162E60212C434A00EF4318 /* SelectDateView.swift in Sources */,
				0413DE84211B3E2800AE8337 /* UseToolsIntervention.swift in Sources */,
				04162E5A212C432200EF4318 /* PhytosTableViewCell.swift in Sources */,
				047B57D02108618200C48F68 /* AuthentificationService.swift in Sources */,
				0412B78D2126BB3A00976DB6 /* EntitiesTableViewCell.swift in Sources */,
				6BEA65E52105CD8B0072840F /* Connectivity.swift in Sources */,
				6BEA65E82105CD8B0072840F /* InterventionTableViewCell.swift in Sources */,
				042A44362121B45B00CE6B24 /* CropTableViewCell.swift in Sources */,
				6BEA65D02105CC5A0072840F /* UIApplicationExtensions.swift in Sources */,
				6BEA65E62105CD8B0072840F /* KeychainService.swift in Sources */,
				0412B7892126B62500976DB6 /* AddEntitiesToIntervention.swift in Sources */,
				0414257E212D5D8600FBBD0D /* SelectedInputsTableViewCell.swift in Sources */,
				6BEA65E72105CD8B0072840F /* Intervention.swift in Sources */,
				6BB225412118490A0036E167 /* Clic_Farm_iOS.xcdatamodeld in Sources */,
				047BF0C721060AE4009F3945 /* UsersDatabase.swift in Sources */,
				04162E5C212C432B00EF4318 /* SeedsTableViewCell.swift in Sources */,
				04162E62212C518800EF4318 /* InputsSelection.swift in Sources */,
				6BEA65DD2105CD820072840F /* LoginScreen.swift in Sources */,
				042A44342121B38600CE6B24 /* ColorConstants.swift in Sources */,
				04162E58212C431700EF4318 /* FertilizersTableViewCell.swift in Sources */,
				6BB225432118490A0036E167 /* AppDelegate.swift in Sources */,
				6BEA65EB2105CD900072840F /* RoundedButton.swift in Sources */,
			);
			runOnlyForDeploymentPostprocessing = 0;
		};
		6BEA65802105C5EF0072840F /* Sources */ = {
			isa = PBXSourcesBuildPhase;
			buildActionMask = 2147483647;
			files = (
				6BEA65892105C5EF0072840F /* Clic_Farm_iOSTests.swift in Sources */,
			);
			runOnlyForDeploymentPostprocessing = 0;
		};
/* End PBXSourcesBuildPhase section */

/* Begin PBXTargetDependency section */
		6BEA65862105C5EF0072840F /* PBXTargetDependency */ = {
			isa = PBXTargetDependency;
			target = 6BEA656C2105C5EE0072840F /* Clic&Farm-iOS */;
			targetProxy = 6BEA65852105C5EF0072840F /* PBXContainerItemProxy */;
		};
/* End PBXTargetDependency section */

/* Begin XCBuildConfiguration section */
		6BEA658B2105C5EF0072840F /* Debug */ = {
			isa = XCBuildConfiguration;
			buildSettings = {
				ALWAYS_SEARCH_USER_PATHS = NO;
				CLANG_ANALYZER_NONNULL = YES;
				CLANG_ANALYZER_NUMBER_OBJECT_CONVERSION = YES_AGGRESSIVE;
				CLANG_CXX_LANGUAGE_STANDARD = "gnu++14";
				CLANG_CXX_LIBRARY = "libc++";
				CLANG_ENABLE_MODULES = YES;
				CLANG_ENABLE_OBJC_ARC = YES;
				CLANG_ENABLE_OBJC_WEAK = YES;
				CLANG_WARN_BLOCK_CAPTURE_AUTORELEASING = YES;
				CLANG_WARN_BOOL_CONVERSION = YES;
				CLANG_WARN_COMMA = YES;
				CLANG_WARN_CONSTANT_CONVERSION = YES;
				CLANG_WARN_DEPRECATED_OBJC_IMPLEMENTATIONS = YES;
				CLANG_WARN_DIRECT_OBJC_ISA_USAGE = YES_ERROR;
				CLANG_WARN_DOCUMENTATION_COMMENTS = YES;
				CLANG_WARN_EMPTY_BODY = YES;
				CLANG_WARN_ENUM_CONVERSION = YES;
				CLANG_WARN_INFINITE_RECURSION = YES;
				CLANG_WARN_INT_CONVERSION = YES;
				CLANG_WARN_NON_LITERAL_NULL_CONVERSION = YES;
				CLANG_WARN_OBJC_IMPLICIT_RETAIN_SELF = YES;
				CLANG_WARN_OBJC_LITERAL_CONVERSION = YES;
				CLANG_WARN_OBJC_ROOT_CLASS = YES_ERROR;
				CLANG_WARN_RANGE_LOOP_ANALYSIS = YES;
				CLANG_WARN_STRICT_PROTOTYPES = YES;
				CLANG_WARN_SUSPICIOUS_MOVE = YES;
				CLANG_WARN_UNGUARDED_AVAILABILITY = YES_AGGRESSIVE;
				CLANG_WARN_UNREACHABLE_CODE = YES;
				CLANG_WARN__DUPLICATE_METHOD_MATCH = YES;
				CODE_SIGN_IDENTITY = "iPhone Developer";
				COPY_PHASE_STRIP = NO;
				DEBUG_INFORMATION_FORMAT = dwarf;
				ENABLE_STRICT_OBJC_MSGSEND = YES;
				ENABLE_TESTABILITY = YES;
				GCC_C_LANGUAGE_STANDARD = gnu11;
				GCC_DYNAMIC_NO_PIC = NO;
				GCC_NO_COMMON_BLOCKS = YES;
				GCC_OPTIMIZATION_LEVEL = 0;
				GCC_PREPROCESSOR_DEFINITIONS = (
					"DEBUG=1",
					"$(inherited)",
				);
				GCC_WARN_64_TO_32_BIT_CONVERSION = YES;
				GCC_WARN_ABOUT_RETURN_TYPE = YES_ERROR;
				GCC_WARN_UNDECLARED_SELECTOR = YES;
				GCC_WARN_UNINITIALIZED_AUTOS = YES_AGGRESSIVE;
				GCC_WARN_UNUSED_FUNCTION = YES;
				GCC_WARN_UNUSED_VARIABLE = YES;
				IPHONEOS_DEPLOYMENT_TARGET = 11.4;
				MTL_ENABLE_DEBUG_INFO = YES;
				ONLY_ACTIVE_ARCH = YES;
				SDKROOT = iphoneos;
				SWIFT_ACTIVE_COMPILATION_CONDITIONS = DEBUG;
				SWIFT_OPTIMIZATION_LEVEL = "-Onone";
			};
			name = Debug;
		};
		6BEA658C2105C5EF0072840F /* Release */ = {
			isa = XCBuildConfiguration;
			buildSettings = {
				ALWAYS_SEARCH_USER_PATHS = NO;
				CLANG_ANALYZER_NONNULL = YES;
				CLANG_ANALYZER_NUMBER_OBJECT_CONVERSION = YES_AGGRESSIVE;
				CLANG_CXX_LANGUAGE_STANDARD = "gnu++14";
				CLANG_CXX_LIBRARY = "libc++";
				CLANG_ENABLE_MODULES = YES;
				CLANG_ENABLE_OBJC_ARC = YES;
				CLANG_ENABLE_OBJC_WEAK = YES;
				CLANG_WARN_BLOCK_CAPTURE_AUTORELEASING = YES;
				CLANG_WARN_BOOL_CONVERSION = YES;
				CLANG_WARN_COMMA = YES;
				CLANG_WARN_CONSTANT_CONVERSION = YES;
				CLANG_WARN_DEPRECATED_OBJC_IMPLEMENTATIONS = YES;
				CLANG_WARN_DIRECT_OBJC_ISA_USAGE = YES_ERROR;
				CLANG_WARN_DOCUMENTATION_COMMENTS = YES;
				CLANG_WARN_EMPTY_BODY = YES;
				CLANG_WARN_ENUM_CONVERSION = YES;
				CLANG_WARN_INFINITE_RECURSION = YES;
				CLANG_WARN_INT_CONVERSION = YES;
				CLANG_WARN_NON_LITERAL_NULL_CONVERSION = YES;
				CLANG_WARN_OBJC_IMPLICIT_RETAIN_SELF = YES;
				CLANG_WARN_OBJC_LITERAL_CONVERSION = YES;
				CLANG_WARN_OBJC_ROOT_CLASS = YES_ERROR;
				CLANG_WARN_RANGE_LOOP_ANALYSIS = YES;
				CLANG_WARN_STRICT_PROTOTYPES = YES;
				CLANG_WARN_SUSPICIOUS_MOVE = YES;
				CLANG_WARN_UNGUARDED_AVAILABILITY = YES_AGGRESSIVE;
				CLANG_WARN_UNREACHABLE_CODE = YES;
				CLANG_WARN__DUPLICATE_METHOD_MATCH = YES;
				CODE_SIGN_IDENTITY = "iPhone Developer";
				COPY_PHASE_STRIP = NO;
				DEBUG_INFORMATION_FORMAT = "dwarf-with-dsym";
				ENABLE_NS_ASSERTIONS = NO;
				ENABLE_STRICT_OBJC_MSGSEND = YES;
				GCC_C_LANGUAGE_STANDARD = gnu11;
				GCC_NO_COMMON_BLOCKS = YES;
				GCC_WARN_64_TO_32_BIT_CONVERSION = YES;
				GCC_WARN_ABOUT_RETURN_TYPE = YES_ERROR;
				GCC_WARN_UNDECLARED_SELECTOR = YES;
				GCC_WARN_UNINITIALIZED_AUTOS = YES_AGGRESSIVE;
				GCC_WARN_UNUSED_FUNCTION = YES;
				GCC_WARN_UNUSED_VARIABLE = YES;
				IPHONEOS_DEPLOYMENT_TARGET = 11.4;
				MTL_ENABLE_DEBUG_INFO = NO;
				SDKROOT = iphoneos;
				SWIFT_COMPILATION_MODE = wholemodule;
				SWIFT_OPTIMIZATION_LEVEL = "-O";
				VALIDATE_PRODUCT = YES;
			};
			name = Release;
		};
		6BEA658E2105C5EF0072840F /* Debug */ = {
			isa = XCBuildConfiguration;
			buildSettings = {
				ASSETCATALOG_COMPILER_APPICON_NAME = AppIcon;
				CODE_SIGN_STYLE = Automatic;
				FRAMEWORK_SEARCH_PATHS = (
					"$(inherited)",
					"$(PROJECT_DIR)/Carthage/Build/iOS",
				);
				INFOPLIST_FILE = Info.plist;
				LD_RUNPATH_SEARCH_PATHS = (
					"$(inherited)",
					"@executable_path/Frameworks",
				);
				PRODUCT_BUNDLE_IDENTIFIER = "com.ekylibre.Clic-Farm-iOS";
				PRODUCT_NAME = "$(TARGET_NAME)";
				SWIFT_VERSION = 4.0;
				TARGETED_DEVICE_FAMILY = "1,2";
			};
			name = Debug;
		};
		6BEA658F2105C5EF0072840F /* Release */ = {
			isa = XCBuildConfiguration;
			buildSettings = {
				ASSETCATALOG_COMPILER_APPICON_NAME = AppIcon;
				CODE_SIGN_STYLE = Automatic;
				FRAMEWORK_SEARCH_PATHS = (
					"$(inherited)",
					"$(PROJECT_DIR)/Carthage/Build/iOS",
				);
				INFOPLIST_FILE = Info.plist;
				LD_RUNPATH_SEARCH_PATHS = (
					"$(inherited)",
					"@executable_path/Frameworks",
				);
				PRODUCT_BUNDLE_IDENTIFIER = "com.ekylibre.Clic-Farm-iOS";
				PRODUCT_NAME = "$(TARGET_NAME)";
				SWIFT_VERSION = 4.0;
				TARGETED_DEVICE_FAMILY = "1,2";
			};
			name = Release;
		};
		6BEA65912105C5EF0072840F /* Debug */ = {
			isa = XCBuildConfiguration;
			buildSettings = {
				ALWAYS_EMBED_SWIFT_STANDARD_LIBRARIES = YES;
				BUNDLE_LOADER = "$(TEST_HOST)";
				CODE_SIGN_STYLE = Automatic;
				INFOPLIST_FILE = "Clic&Farm-iOSTests/Info.plist";
				LD_RUNPATH_SEARCH_PATHS = (
					"$(inherited)",
					"@executable_path/Frameworks",
					"@loader_path/Frameworks",
				);
				PRODUCT_BUNDLE_IDENTIFIER = "ekylibre.Clic-Farm-iOSTests";
				PRODUCT_NAME = "$(TARGET_NAME)";
				SWIFT_VERSION = 4.0;
				TARGETED_DEVICE_FAMILY = "1,2";
				TEST_HOST = "$(BUILT_PRODUCTS_DIR)/Clic&Farm-iOS.app/Clic&Farm-iOS";
			};
			name = Debug;
		};
		6BEA65922105C5EF0072840F /* Release */ = {
			isa = XCBuildConfiguration;
			buildSettings = {
				ALWAYS_EMBED_SWIFT_STANDARD_LIBRARIES = YES;
				BUNDLE_LOADER = "$(TEST_HOST)";
				CODE_SIGN_STYLE = Automatic;
				INFOPLIST_FILE = "Clic&Farm-iOSTests/Info.plist";
				LD_RUNPATH_SEARCH_PATHS = (
					"$(inherited)",
					"@executable_path/Frameworks",
					"@loader_path/Frameworks",
				);
				PRODUCT_BUNDLE_IDENTIFIER = "ekylibre.Clic-Farm-iOSTests";
				PRODUCT_NAME = "$(TARGET_NAME)";
				SWIFT_VERSION = 4.0;
				TARGETED_DEVICE_FAMILY = "1,2";
				TEST_HOST = "$(BUILT_PRODUCTS_DIR)/Clic&Farm-iOS.app/Clic&Farm-iOS";
			};
			name = Release;
		};
/* End XCBuildConfiguration section */

/* Begin XCConfigurationList section */
		6BEA65682105C5EE0072840F /* Build configuration list for PBXProject "Clic&Farm-iOS" */ = {
			isa = XCConfigurationList;
			buildConfigurations = (
				6BEA658B2105C5EF0072840F /* Debug */,
				6BEA658C2105C5EF0072840F /* Release */,
			);
			defaultConfigurationIsVisible = 0;
			defaultConfigurationName = Release;
		};
		6BEA658D2105C5EF0072840F /* Build configuration list for PBXNativeTarget "Clic&Farm-iOS" */ = {
			isa = XCConfigurationList;
			buildConfigurations = (
				6BEA658E2105C5EF0072840F /* Debug */,
				6BEA658F2105C5EF0072840F /* Release */,
			);
			defaultConfigurationIsVisible = 0;
			defaultConfigurationName = Release;
		};
		6BEA65902105C5EF0072840F /* Build configuration list for PBXNativeTarget "Clic&Farm-iOSTests" */ = {
			isa = XCConfigurationList;
			buildConfigurations = (
				6BEA65912105C5EF0072840F /* Debug */,
				6BEA65922105C5EF0072840F /* Release */,
			);
			defaultConfigurationIsVisible = 0;
			defaultConfigurationName = Release;
		};
/* End XCConfigurationList section */

/* Begin XCVersionGroup section */
		6BB2253B211849090036E167 /* Clic_Farm_iOS.xcdatamodeld */ = {
			isa = XCVersionGroup;
			children = (
				6BB2253C211849090036E167 /* Clic_Farm_iOS.xcdatamodel */,
			);
			currentVersion = 6BB2253C211849090036E167 /* Clic_Farm_iOS.xcdatamodel */;
			path = Clic_Farm_iOS.xcdatamodeld;
			sourceTree = "<group>";
			versionGroupType = wrapper.xcdatamodel;
		};
/* End XCVersionGroup section */
	};
	rootObject = 6BEA65652105C5EE0072840F /* Project object */;
}
