// !$*UTF8*$!
{
	archiveVersion = 1;
	classes = {
	};
	objectVersion = 50;
	objects = {

/* Begin PBXBuildFile section */
		040AA0ED21469B4200D75A2D /* Main.storyboard in Resources */ = {isa = PBXBuildFile; fileRef = 040AA0EF21469B4200D75A2D /* Main.storyboard */; };
		0410EF0621550C1C003DA2D1 /* HandleKeyboard.swift in Sources */ = {isa = PBXBuildFile; fileRef = 0410EF0521550C1C003DA2D1 /* HandleKeyboard.swift */; };
		0411295A2110937300AE884D /* OAuth2.framework in Frameworks */ = {isa = PBXBuildFile; fileRef = 041129592110937300AE884D /* OAuth2.framework */; };
		0413139A213FFC3E005437F0 /* Decodables.swift in Sources */ = {isa = PBXBuildFile; fileRef = 04131399213FFC3E005437F0 /* Decodables.swift */; };
		041313B321401483005437F0 /* Localizable.strings in Resources */ = {isa = PBXBuildFile; fileRef = 041313AE21401483005437F0 /* Localizable.strings */; };
		04162E5E212C434200EF4318 /* InputsView.swift in Sources */ = {isa = PBXBuildFile; fileRef = 04162E5D212C434100EF4318 /* InputsView.swift */; };
		04162E60212C434A00EF4318 /* SelectDateView.swift in Sources */ = {isa = PBXBuildFile; fileRef = 04162E5F212C434A00EF4318 /* SelectDateView.swift */; };
		0417A58221538B5B009529D5 /* UIApplication+StatusBar.swift in Sources */ = {isa = PBXBuildFile; fileRef = 6BEA65CF2105CC590072840F /* UIApplication+StatusBar.swift */; };
		041E2F5D2133F43A0019168E /* UnitMeasurePickerView.swift in Sources */ = {isa = PBXBuildFile; fileRef = 041E2F5C2133F43A0019168E /* UnitMeasurePickerView.swift */; };
		042A44342121B38600CE6B24 /* ColorConstants.swift in Sources */ = {isa = PBXBuildFile; fileRef = 042A44332121B38600CE6B24 /* ColorConstants.swift */; };
		044B4D45213816B9001A5D3D /* ListTableViewController.swift in Sources */ = {isa = PBXBuildFile; fileRef = 044B4D44213816B9001A5D3D /* ListTableViewController.swift */; };
		044B4D47213816C0001A5D3D /* ListProtocol.swift in Sources */ = {isa = PBXBuildFile; fileRef = 044B4D46213816C0001A5D3D /* ListProtocol.swift */; };
		044B4D602138173E001A5D3D /* CropsView.swift in Sources */ = {isa = PBXBuildFile; fileRef = 044B4D5F2138173E001A5D3D /* CropsView.swift */; };
		047B57D02108618200C48F68 /* AuthentificationService.swift in Sources */ = {isa = PBXBuildFile; fileRef = 047B57CF2108618200C48F68 /* AuthentificationService.swift */; };
		047BF0C721060AE4009F3945 /* UsersDatabase.swift in Sources */ = {isa = PBXBuildFile; fileRef = 047BF0C621060AE4009F3945 /* UsersDatabase.swift */; };
		6B11EEDB2139635400E2DEC4 /* PhytoCell.swift in Sources */ = {isa = PBXBuildFile; fileRef = 6B11EED02139635400E2DEC4 /* PhytoCell.swift */; };
		6B11EEDC2139635400E2DEC4 /* SelectedInputCell.swift in Sources */ = {isa = PBXBuildFile; fileRef = 6B11EED12139635400E2DEC4 /* SelectedInputCell.swift */; };
		6B11EEDD2139635400E2DEC4 /* ListCell.swift in Sources */ = {isa = PBXBuildFile; fileRef = 6B11EED22139635400E2DEC4 /* ListCell.swift */; };
		6B11EEDE2139635400E2DEC4 /* SeedCell.swift in Sources */ = {isa = PBXBuildFile; fileRef = 6B11EED32139635400E2DEC4 /* SeedCell.swift */; };
		6B11EEDF2139635400E2DEC4 /* InterventionCell.swift in Sources */ = {isa = PBXBuildFile; fileRef = 6B11EED42139635400E2DEC4 /* InterventionCell.swift */; };
		6B11EEE02139635400E2DEC4 /* FertilizerCell.swift in Sources */ = {isa = PBXBuildFile; fileRef = 6B11EED52139635400E2DEC4 /* FertilizerCell.swift */; };
		6B11EEE12139635400E2DEC4 /* EquipmentCell.swift in Sources */ = {isa = PBXBuildFile; fileRef = 6B11EED62139635400E2DEC4 /* EquipmentCell.swift */; };
		6B11EEE22139635400E2DEC4 /* EntityCell.swift in Sources */ = {isa = PBXBuildFile; fileRef = 6B11EED72139635400E2DEC4 /* EntityCell.swift */; };
		6B11EEE42139635400E2DEC4 /* PlotCell.swift in Sources */ = {isa = PBXBuildFile; fileRef = 6B11EED92139635400E2DEC4 /* PlotCell.swift */; };
		6B11EEE82139636300E2DEC4 /* LaunchScreen.storyboard in Resources */ = {isa = PBXBuildFile; fileRef = 6B11EEE62139636200E2DEC4 /* LaunchScreen.storyboard */; };
		6B11EEEA2139641A00E2DEC4 /* CreateFertilizerView.swift in Sources */ = {isa = PBXBuildFile; fileRef = 0478F232213447D9001EAE6E /* CreateFertilizerView.swift */; };
		6B11EEEB2139641A00E2DEC4 /* CreatePhytoView.swift in Sources */ = {isa = PBXBuildFile; fileRef = 0478F234213447DD001EAE6E /* CreatePhytoView.swift */; };
		6B11EEEC2139641A00E2DEC4 /* CreateSeedView.swift in Sources */ = {isa = PBXBuildFile; fileRef = 0478F236213447E1001EAE6E /* CreateSeedView.swift */; };
		6B6D7F92215E76220021FF07 /* MaterialCreationView.swift in Sources */ = {isa = PBXBuildFile; fileRef = 6B6D7F91215E76220021FF07 /* MaterialCreationView.swift */; };
		6B77C3D42141297500520840 /* AddIrrigation.swift in Sources */ = {isa = PBXBuildFile; fileRef = 6B77C3D32141297500520840 /* AddIrrigation.swift */; };
		6B834B3F2165000100BADA79 /* AddSelectedInputsToIntervention.swift in Sources */ = {isa = PBXBuildFile; fileRef = 6B834B3E2165000100BADA79 /* AddSelectedInputsToIntervention.swift */; };
		6B834B41216508C600BADA79 /* Localizable.swift in Sources */ = {isa = PBXBuildFile; fileRef = 6B834B40216508C600BADA79 /* Localizable.swift */; };
		6B85D044214A9225009EAF24 /* CropView.swift in Sources */ = {isa = PBXBuildFile; fileRef = 6B85D043214A9225009EAF24 /* CropView.swift */; };
		6B87EBF7215B8ADF004B3DE5 /* MaterialsView.swift in Sources */ = {isa = PBXBuildFile; fileRef = 6B87EBF6215B8ADF004B3DE5 /* MaterialsView.swift */; };
		6B87EBF9215B8C28004B3DE5 /* MaterialCell.swift in Sources */ = {isa = PBXBuildFile; fileRef = 6B87EBF8215B8C28004B3DE5 /* MaterialCell.swift */; };
		6B87EBFC215BCE99004B3DE5 /* AddWeatherToIntervention.swift in Sources */ = {isa = PBXBuildFile; fileRef = 041855772142A20F0077A715 /* AddWeatherToIntervention.swift */; };
		6B9820DA21621FBE0076FD85 /* AddMaterials.swift in Sources */ = {isa = PBXBuildFile; fileRef = 6B9820D921621FBE0076FD85 /* AddMaterials.swift */; };
		6BA37141213963230086DF9B /* Assets.xcassets in Resources */ = {isa = PBXBuildFile; fileRef = 6BA3713E213963230086DF9B /* Assets.xcassets */; };
		6BA37142213963230086DF9B /* oauthInfo.plist in Resources */ = {isa = PBXBuildFile; fileRef = 6BA3713F213963230086DF9B /* oauthInfo.plist */; };
		6BA5D77E2149349A0054F969 /* LoginScreen.swift in Sources */ = {isa = PBXBuildFile; fileRef = 6BA5D778214934990054F969 /* LoginScreen.swift */; };
		6BA5D7802149349A0054F969 /* AddInterventionViewController.swift in Sources */ = {isa = PBXBuildFile; fileRef = 6BA5D77A214934990054F969 /* AddInterventionViewController.swift */; };
		6BA5D7822149349A0054F969 /* AddEntitiesToIntervention.swift in Sources */ = {isa = PBXBuildFile; fileRef = 6BA5D77C214934990054F969 /* AddEntitiesToIntervention.swift */; };
		6BA5D7832149349A0054F969 /* AddEquipmentIntervention.swift in Sources */ = {isa = PBXBuildFile; fileRef = 6BA5D77D2149349A0054F969 /* AddEquipmentIntervention.swift */; };
		6BA5D7872149391C0054F969 /* CustomPickerView.swift in Sources */ = {isa = PBXBuildFile; fileRef = 6BA5D7862149391C0054F969 /* CustomPickerView.swift */; };
		6BAEC2332137DA3400958F39 /* Clic_Farm_iOS.xcdatamodeld in Sources */ = {isa = PBXBuildFile; fileRef = 6BB2253B211849090036E167 /* Clic_Farm_iOS.xcdatamodeld */; };
		6BB225432118490A0036E167 /* AppDelegate.swift in Sources */ = {isa = PBXBuildFile; fileRef = 6BB2253E211849090036E167 /* AppDelegate.swift */; };
		6BB46F3E2163A392005763A2 /* String+FloatValue.swift in Sources */ = {isa = PBXBuildFile; fileRef = 6BB46F3D2163A392005763A2 /* String+FloatValue.swift */; };
		6BEA65892105C5EF0072840F /* Clic_Farm_iOSTests.swift in Sources */ = {isa = PBXBuildFile; fileRef = 6BEA65882105C5EF0072840F /* Clic_Farm_iOSTests.swift */; };
		6BEA65DF2105CD820072840F /* InterventionViewController.swift in Sources */ = {isa = PBXBuildFile; fileRef = 6BEA65DC2105CD820072840F /* InterventionViewController.swift */; };
		6BEA65E52105CD8B0072840F /* Connectivity.swift in Sources */ = {isa = PBXBuildFile; fileRef = 6BEA65E02105CD8A0072840F /* Connectivity.swift */; };
		6BEA65E62105CD8B0072840F /* KeychainService.swift in Sources */ = {isa = PBXBuildFile; fileRef = 6BEA65E12105CD8A0072840F /* KeychainService.swift */; };
		6BEA65E72105CD8B0072840F /* Intervention.swift in Sources */ = {isa = PBXBuildFile; fileRef = 6BEA65E22105CD8A0072840F /* Intervention.swift */; };
		6BEA65EB2105CD900072840F /* RoundedButton.swift in Sources */ = {isa = PBXBuildFile; fileRef = 6BEA65EA2105CD900072840F /* RoundedButton.swift */; };
/* End PBXBuildFile section */

/* Begin PBXContainerItemProxy section */
		6BEA65852105C5EF0072840F /* PBXContainerItemProxy */ = {
			isa = PBXContainerItemProxy;
			containerPortal = 6BEA65652105C5EE0072840F /* Project object */;
			proxyType = 1;
			remoteGlobalIDString = 6BEA656C2105C5EE0072840F;
			remoteInfo = "Clic&Farm-iOS";
		};
/* End PBXContainerItemProxy section */

/* Begin PBXFileReference section */
		040AA0F021469B5100D75A2D /* Base */ = {isa = PBXFileReference; lastKnownFileType = file.storyboard; name = Base; path = Base.lproj/Main.storyboard; sourceTree = "<group>"; };
		0410EF0521550C1C003DA2D1 /* HandleKeyboard.swift */ = {isa = PBXFileReference; lastKnownFileType = sourcecode.swift; path = HandleKeyboard.swift; sourceTree = "<group>"; };
		041129592110937300AE884D /* OAuth2.framework */ = {isa = PBXFileReference; lastKnownFileType = wrapper.framework; name = OAuth2.framework; path = Carthage/Build/iOS/OAuth2.framework; sourceTree = "<group>"; };
		04131399213FFC3E005437F0 /* Decodables.swift */ = {isa = PBXFileReference; lastKnownFileType = sourcecode.swift; path = Decodables.swift; sourceTree = "<group>"; };
		041313B021401483005437F0 /* Base */ = {isa = PBXFileReference; lastKnownFileType = text.plist.strings; name = Base; path = Base.lproj/Localizable.strings; sourceTree = "<group>"; };
		041313B121401483005437F0 /* fr */ = {isa = PBXFileReference; lastKnownFileType = text.plist.strings; name = fr; path = fr.lproj/Localizable.strings; sourceTree = "<group>"; };
		041322442147B2A700E55D19 /* fr */ = {isa = PBXFileReference; lastKnownFileType = text.plist.strings; name = fr; path = fr.lproj/Main.strings; sourceTree = "<group>"; };
		04162E5D212C434100EF4318 /* InputsView.swift */ = {isa = PBXFileReference; fileEncoding = 4; lastKnownFileType = sourcecode.swift; path = InputsView.swift; sourceTree = "<group>"; };
		04162E5F212C434A00EF4318 /* SelectDateView.swift */ = {isa = PBXFileReference; fileEncoding = 4; lastKnownFileType = sourcecode.swift; path = SelectDateView.swift; sourceTree = "<group>"; };
		041855772142A20F0077A715 /* AddWeatherToIntervention.swift */ = {isa = PBXFileReference; lastKnownFileType = sourcecode.swift; path = AddWeatherToIntervention.swift; sourceTree = "<group>"; };
		041E2F5C2133F43A0019168E /* UnitMeasurePickerView.swift */ = {isa = PBXFileReference; lastKnownFileType = sourcecode.swift; path = UnitMeasurePickerView.swift; sourceTree = "<group>"; };
		042A44332121B38600CE6B24 /* ColorConstants.swift */ = {isa = PBXFileReference; fileEncoding = 4; lastKnownFileType = sourcecode.swift; path = ColorConstants.swift; sourceTree = "<group>"; };
		044B4D44213816B9001A5D3D /* ListTableViewController.swift */ = {isa = PBXFileReference; fileEncoding = 4; lastKnownFileType = sourcecode.swift; path = ListTableViewController.swift; sourceTree = "<group>"; };
		044B4D46213816C0001A5D3D /* ListProtocol.swift */ = {isa = PBXFileReference; fileEncoding = 4; lastKnownFileType = sourcecode.swift; path = ListProtocol.swift; sourceTree = "<group>"; };
		044B4D5F2138173E001A5D3D /* CropsView.swift */ = {isa = PBXFileReference; fileEncoding = 4; lastKnownFileType = sourcecode.swift; path = CropsView.swift; sourceTree = "<group>"; };
		0478F232213447D9001EAE6E /* CreateFertilizerView.swift */ = {isa = PBXFileReference; fileEncoding = 4; lastKnownFileType = sourcecode.swift; path = CreateFertilizerView.swift; sourceTree = "<group>"; };
		0478F234213447DD001EAE6E /* CreatePhytoView.swift */ = {isa = PBXFileReference; fileEncoding = 4; lastKnownFileType = sourcecode.swift; path = CreatePhytoView.swift; sourceTree = "<group>"; };
		0478F236213447E1001EAE6E /* CreateSeedView.swift */ = {isa = PBXFileReference; fileEncoding = 4; lastKnownFileType = sourcecode.swift; path = CreateSeedView.swift; sourceTree = "<group>"; };
		047B57CF2108618200C48F68 /* AuthentificationService.swift */ = {isa = PBXFileReference; lastKnownFileType = sourcecode.swift; path = AuthentificationService.swift; sourceTree = "<group>"; };
		047BF0C621060AE4009F3945 /* UsersDatabase.swift */ = {isa = PBXFileReference; lastKnownFileType = sourcecode.swift; path = UsersDatabase.swift; sourceTree = "<group>"; };
		6B11EED02139635400E2DEC4 /* PhytoCell.swift */ = {isa = PBXFileReference; fileEncoding = 4; lastKnownFileType = sourcecode.swift; path = PhytoCell.swift; sourceTree = "<group>"; };
		6B11EED12139635400E2DEC4 /* SelectedInputCell.swift */ = {isa = PBXFileReference; fileEncoding = 4; lastKnownFileType = sourcecode.swift; path = SelectedInputCell.swift; sourceTree = "<group>"; };
		6B11EED22139635400E2DEC4 /* ListCell.swift */ = {isa = PBXFileReference; fileEncoding = 4; lastKnownFileType = sourcecode.swift; path = ListCell.swift; sourceTree = "<group>"; };
		6B11EED32139635400E2DEC4 /* SeedCell.swift */ = {isa = PBXFileReference; fileEncoding = 4; lastKnownFileType = sourcecode.swift; path = SeedCell.swift; sourceTree = "<group>"; };
		6B11EED42139635400E2DEC4 /* InterventionCell.swift */ = {isa = PBXFileReference; fileEncoding = 4; lastKnownFileType = sourcecode.swift; path = InterventionCell.swift; sourceTree = "<group>"; };
		6B11EED52139635400E2DEC4 /* FertilizerCell.swift */ = {isa = PBXFileReference; fileEncoding = 4; lastKnownFileType = sourcecode.swift; path = FertilizerCell.swift; sourceTree = "<group>"; };
		6B11EED62139635400E2DEC4 /* EquipmentCell.swift */ = {isa = PBXFileReference; fileEncoding = 4; lastKnownFileType = sourcecode.swift; path = EquipmentCell.swift; sourceTree = "<group>"; };
		6B11EED72139635400E2DEC4 /* EntityCell.swift */ = {isa = PBXFileReference; fileEncoding = 4; lastKnownFileType = sourcecode.swift; path = EntityCell.swift; sourceTree = "<group>"; };
		6B11EED92139635400E2DEC4 /* PlotCell.swift */ = {isa = PBXFileReference; fileEncoding = 4; lastKnownFileType = sourcecode.swift; path = PlotCell.swift; sourceTree = "<group>"; };
		6B11EEE62139636200E2DEC4 /* LaunchScreen.storyboard */ = {isa = PBXFileReference; fileEncoding = 4; lastKnownFileType = file.storyboard; path = LaunchScreen.storyboard; sourceTree = "<group>"; };
		6B6D7F91215E76220021FF07 /* MaterialCreationView.swift */ = {isa = PBXFileReference; lastKnownFileType = sourcecode.swift; path = MaterialCreationView.swift; sourceTree = "<group>"; };
		6B77C3D32141297500520840 /* AddIrrigation.swift */ = {isa = PBXFileReference; lastKnownFileType = sourcecode.swift; path = AddIrrigation.swift; sourceTree = "<group>"; };
		6B834B3E2165000100BADA79 /* AddSelectedInputsToIntervention.swift */ = {isa = PBXFileReference; fileEncoding = 4; lastKnownFileType = sourcecode.swift; path = AddSelectedInputsToIntervention.swift; sourceTree = "<group>"; };
		6B834B40216508C600BADA79 /* Localizable.swift */ = {isa = PBXFileReference; fileEncoding = 4; lastKnownFileType = sourcecode.swift; path = Localizable.swift; sourceTree = "<group>"; };
		6B85D043214A9225009EAF24 /* CropView.swift */ = {isa = PBXFileReference; lastKnownFileType = sourcecode.swift; path = CropView.swift; sourceTree = "<group>"; };
		6B87EBF6215B8ADF004B3DE5 /* MaterialsView.swift */ = {isa = PBXFileReference; lastKnownFileType = sourcecode.swift; path = MaterialsView.swift; sourceTree = "<group>"; };
		6B87EBF8215B8C28004B3DE5 /* MaterialCell.swift */ = {isa = PBXFileReference; lastKnownFileType = sourcecode.swift; path = MaterialCell.swift; sourceTree = "<group>"; };
		6B9820D921621FBE0076FD85 /* AddMaterials.swift */ = {isa = PBXFileReference; lastKnownFileType = sourcecode.swift; path = AddMaterials.swift; sourceTree = "<group>"; };
		6BA3713E213963230086DF9B /* Assets.xcassets */ = {isa = PBXFileReference; lastKnownFileType = folder.assetcatalog; path = Assets.xcassets; sourceTree = "<group>"; };
		6BA3713F213963230086DF9B /* oauthInfo.plist */ = {isa = PBXFileReference; fileEncoding = 4; lastKnownFileType = text.plist.xml; path = oauthInfo.plist; sourceTree = "<group>"; };
		6BA37140213963230086DF9B /* Info.plist */ = {isa = PBXFileReference; fileEncoding = 4; lastKnownFileType = text.plist.xml; path = Info.plist; sourceTree = "<group>"; };
		6BA5D778214934990054F969 /* LoginScreen.swift */ = {isa = PBXFileReference; fileEncoding = 4; lastKnownFileType = sourcecode.swift; path = LoginScreen.swift; sourceTree = "<group>"; };
		6BA5D77A214934990054F969 /* AddInterventionViewController.swift */ = {isa = PBXFileReference; fileEncoding = 4; lastKnownFileType = sourcecode.swift; path = AddInterventionViewController.swift; sourceTree = "<group>"; };
		6BA5D77C214934990054F969 /* AddEntitiesToIntervention.swift */ = {isa = PBXFileReference; fileEncoding = 4; lastKnownFileType = sourcecode.swift; path = AddEntitiesToIntervention.swift; sourceTree = "<group>"; };
		6BA5D77D2149349A0054F969 /* AddEquipmentIntervention.swift */ = {isa = PBXFileReference; fileEncoding = 4; lastKnownFileType = sourcecode.swift; path = AddEquipmentIntervention.swift; sourceTree = "<group>"; };
		6BA5D7862149391C0054F969 /* CustomPickerView.swift */ = {isa = PBXFileReference; lastKnownFileType = sourcecode.swift; path = CustomPickerView.swift; sourceTree = "<group>"; };
		6BB2253C211849090036E167 /* Clic_Farm_iOS.xcdatamodel */ = {isa = PBXFileReference; lastKnownFileType = wrapper.xcdatamodel; path = Clic_Farm_iOS.xcdatamodel; sourceTree = "<group>"; };
		6BB2253E211849090036E167 /* AppDelegate.swift */ = {isa = PBXFileReference; fileEncoding = 4; lastKnownFileType = sourcecode.swift; path = AppDelegate.swift; sourceTree = "<group>"; };
		6BB46F3D2163A392005763A2 /* String+FloatValue.swift */ = {isa = PBXFileReference; lastKnownFileType = sourcecode.swift; path = "String+FloatValue.swift"; sourceTree = "<group>"; };
		6BEA656D2105C5EE0072840F /* Clic&Farm-iOS.app */ = {isa = PBXFileReference; explicitFileType = wrapper.application; includeInIndex = 0; path = "Clic&Farm-iOS.app"; sourceTree = BUILT_PRODUCTS_DIR; };
		6BEA65842105C5EF0072840F /* Clic&Farm-iOSTests.xctest */ = {isa = PBXFileReference; explicitFileType = wrapper.cfbundle; includeInIndex = 0; path = "Clic&Farm-iOSTests.xctest"; sourceTree = BUILT_PRODUCTS_DIR; };
		6BEA65882105C5EF0072840F /* Clic_Farm_iOSTests.swift */ = {isa = PBXFileReference; lastKnownFileType = sourcecode.swift; path = Clic_Farm_iOSTests.swift; sourceTree = "<group>"; };
		6BEA658A2105C5EF0072840F /* Info.plist */ = {isa = PBXFileReference; lastKnownFileType = text.plist.xml; path = Info.plist; sourceTree = "<group>"; };
		6BEA65CF2105CC590072840F /* UIApplication+StatusBar.swift */ = {isa = PBXFileReference; fileEncoding = 4; lastKnownFileType = sourcecode.swift; path = "UIApplication+StatusBar.swift"; sourceTree = "<group>"; };
		6BEA65DC2105CD820072840F /* InterventionViewController.swift */ = {isa = PBXFileReference; fileEncoding = 4; lastKnownFileType = sourcecode.swift; path = InterventionViewController.swift; sourceTree = "<group>"; };
		6BEA65E02105CD8A0072840F /* Connectivity.swift */ = {isa = PBXFileReference; fileEncoding = 4; lastKnownFileType = sourcecode.swift; path = Connectivity.swift; sourceTree = "<group>"; };
		6BEA65E12105CD8A0072840F /* KeychainService.swift */ = {isa = PBXFileReference; fileEncoding = 4; lastKnownFileType = sourcecode.swift; path = KeychainService.swift; sourceTree = "<group>"; };
		6BEA65E22105CD8A0072840F /* Intervention.swift */ = {isa = PBXFileReference; fileEncoding = 4; lastKnownFileType = sourcecode.swift; path = Intervention.swift; sourceTree = "<group>"; };
		6BEA65EA2105CD900072840F /* RoundedButton.swift */ = {isa = PBXFileReference; fileEncoding = 4; lastKnownFileType = sourcecode.swift; path = RoundedButton.swift; sourceTree = "<group>"; };
/* End PBXFileReference section */

/* Begin PBXFrameworksBuildPhase section */
		6BEA656A2105C5EE0072840F /* Frameworks */ = {
			isa = PBXFrameworksBuildPhase;
			buildActionMask = 2147483647;
			files = (
				0411295A2110937300AE884D /* OAuth2.framework in Frameworks */,
			);
			runOnlyForDeploymentPostprocessing = 0;
		};
		6BEA65812105C5EF0072840F /* Frameworks */ = {
			isa = PBXFrameworksBuildPhase;
			buildActionMask = 2147483647;
			files = (
			);
			runOnlyForDeploymentPostprocessing = 0;
		};
/* End PBXFrameworksBuildPhase section */

/* Begin PBXGroup section */
		041313AC21401483005437F0 /* Translations */ = {
			isa = PBXGroup;
			children = (
				041313AE21401483005437F0 /* Localizable.strings */,
			);
			path = Translations;
			sourceTree = "<group>";
		};
		042A44322121B38600CE6B24 /* Constants */ = {
			isa = PBXGroup;
			children = (
				042A44332121B38600CE6B24 /* ColorConstants.swift */,
			);
			path = Constants;
			sourceTree = "<group>";
		};
		047B57CB2108605400C48F68 /* Frameworks */ = {
			isa = PBXGroup;
			children = (
				041129592110937300AE884D /* OAuth2.framework */,
			);
			name = Frameworks;
			sourceTree = "<group>";
		};
		047BF0B02105D1D2009F3945 /* Controllers */ = {
			isa = PBXGroup;
			children = (
				6BA5D77C214934990054F969 /* AddEntitiesToIntervention.swift */,
				6BA5D77D2149349A0054F969 /* AddEquipmentIntervention.swift */,
				6BA5D77A214934990054F969 /* AddInterventionViewController.swift */,
				6B77C3D32141297500520840 /* AddIrrigation.swift */,
				6B9820D921621FBE0076FD85 /* AddMaterials.swift */,
				6B834B3E2165000100BADA79 /* AddSelectedInputsToIntervention.swift */,
				041855772142A20F0077A715 /* AddWeatherToIntervention.swift */,
				047B57CF2108618200C48F68 /* AuthentificationService.swift */,
				0410EF0521550C1C003DA2D1 /* HandleKeyboard.swift */,
				6BEA65DC2105CD820072840F /* InterventionViewController.swift */,
				044B4D46213816C0001A5D3D /* ListProtocol.swift */,
				044B4D44213816B9001A5D3D /* ListTableViewController.swift */,
				6BA5D778214934990054F969 /* LoginScreen.swift */,
				041E2F5C2133F43A0019168E /* UnitMeasurePickerView.swift */,
			);
			path = Controllers;
			sourceTree = "<group>";
		};
		047BF0B12105D1F9009F3945 /* Views */ = {
			isa = PBXGroup;
			children = (
				6B11EECE2139635400E2DEC4 /* Cells */,
				6B11EEE52139636200E2DEC4 /* Storyboards */,
				0478F232213447D9001EAE6E /* CreateFertilizerView.swift */,
				0478F234213447DD001EAE6E /* CreatePhytoView.swift */,
				0478F236213447E1001EAE6E /* CreateSeedView.swift */,
				044B4D5F2138173E001A5D3D /* CropsView.swift */,
				6B85D043214A9225009EAF24 /* CropView.swift */,
				6BA5D7862149391C0054F969 /* CustomPickerView.swift */,
				04162E5D212C434100EF4318 /* InputsView.swift */,
				6B6D7F91215E76220021FF07 /* MaterialCreationView.swift */,
				6B87EBF6215B8ADF004B3DE5 /* MaterialsView.swift */,
				6BEA65EA2105CD900072840F /* RoundedButton.swift */,
				04162E5F212C434A00EF4318 /* SelectDateView.swift */,
			);
			path = Views;
			sourceTree = "<group>";
		};
		047BF0B22105D20B009F3945 /* Models */ = {
			isa = PBXGroup;
			children = (
				6BEA65E02105CD8A0072840F /* Connectivity.swift */,
				04131399213FFC3E005437F0 /* Decodables.swift */,
				6BEA65E22105CD8A0072840F /* Intervention.swift */,
				6BEA65E12105CD8A0072840F /* KeychainService.swift */,
			);
			path = Models;
			sourceTree = "<group>";
		};
		047BF0BF2105F44F009F3945 /* CoreData */ = {
			isa = PBXGroup;
			children = (
				6BB2253B211849090036E167 /* Clic_Farm_iOS.xcdatamodeld */,
				047BF0C621060AE4009F3945 /* UsersDatabase.swift */,
			);
			path = CoreData;
			sourceTree = "<group>";
		};
		6B11EECE2139635400E2DEC4 /* Cells */ = {
			isa = PBXGroup;
			children = (
				6B11EED72139635400E2DEC4 /* EntityCell.swift */,
				6B11EED62139635400E2DEC4 /* EquipmentCell.swift */,
				6B11EED52139635400E2DEC4 /* FertilizerCell.swift */,
				6B11EED42139635400E2DEC4 /* InterventionCell.swift */,
				6B11EED22139635400E2DEC4 /* ListCell.swift */,
				6B87EBF8215B8C28004B3DE5 /* MaterialCell.swift */,
				6B11EED02139635400E2DEC4 /* PhytoCell.swift */,
				6B11EED92139635400E2DEC4 /* PlotCell.swift */,
				6B11EED32139635400E2DEC4 /* SeedCell.swift */,
				6B11EED12139635400E2DEC4 /* SelectedInputCell.swift */,
			);
			path = Cells;
			sourceTree = "<group>";
		};
		6B11EEE52139636200E2DEC4 /* Storyboards */ = {
			isa = PBXGroup;
			children = (
				6B11EEE62139636200E2DEC4 /* LaunchScreen.storyboard */,
				040AA0EF21469B4200D75A2D /* Main.storyboard */,
			);
			path = Storyboards;
			sourceTree = "<group>";
		};
		6BA3713D213963230086DF9B /* Resources */ = {
			isa = PBXGroup;
			children = (
				041313AC21401483005437F0 /* Translations */,
				6BA3713E213963230086DF9B /* Assets.xcassets */,
				6BA37140213963230086DF9B /* Info.plist */,
				6BA3713F213963230086DF9B /* oauthInfo.plist */,
			);
			path = Resources;
			sourceTree = "<group>";
		};
		6BA5D785214934F70054F969 /* Library */ = {
			isa = PBXGroup;
			children = (
				6B834B40216508C600BADA79 /* Localizable.swift */,
				6BB46F3D2163A392005763A2 /* String+FloatValue.swift */,
				6BEA65CF2105CC590072840F /* UIApplication+StatusBar.swift */,
			);
			path = Library;
			sourceTree = "<group>";
		};
		6BEA65642105C5EE0072840F = {
			isa = PBXGroup;
			children = (
				6BB2253E211849090036E167 /* AppDelegate.swift */,
				047BF0B02105D1D2009F3945 /* Controllers */,
				047BF0B22105D20B009F3945 /* Models */,
				047BF0B12105D1F9009F3945 /* Views */,
				047BF0BF2105F44F009F3945 /* CoreData */,
				6BA5D785214934F70054F969 /* Library */,
				042A44322121B38600CE6B24 /* Constants */,
				6BA3713D213963230086DF9B /* Resources */,
				6BEA65872105C5EF0072840F /* Clic&Farm-iOSTests */,
				6BEA656E2105C5EE0072840F /* Products */,
				047B57CB2108605400C48F68 /* Frameworks */,
			);
			sourceTree = "<group>";
		};
		6BEA656E2105C5EE0072840F /* Products */ = {
			isa = PBXGroup;
			children = (
				6BEA656D2105C5EE0072840F /* Clic&Farm-iOS.app */,
				6BEA65842105C5EF0072840F /* Clic&Farm-iOSTests.xctest */,
			);
			name = Products;
			sourceTree = "<group>";
		};
		6BEA65872105C5EF0072840F /* Clic&Farm-iOSTests */ = {
			isa = PBXGroup;
			children = (
				6BEA65882105C5EF0072840F /* Clic_Farm_iOSTests.swift */,
				6BEA658A2105C5EF0072840F /* Info.plist */,
			);
			path = "Clic&Farm-iOSTests";
			sourceTree = "<group>";
		};
/* End PBXGroup section */

/* Begin PBXNativeTarget section */
		6BEA656C2105C5EE0072840F /* Clic&Farm-iOS */ = {
			isa = PBXNativeTarget;
			buildConfigurationList = 6BEA658D2105C5EF0072840F /* Build configuration list for PBXNativeTarget "Clic&Farm-iOS" */;
			buildPhases = (
				6BEA65692105C5EE0072840F /* Sources */,
				6BEA656A2105C5EE0072840F /* Frameworks */,
				6BEA656B2105C5EE0072840F /* Resources */,
				0411295B2110939D00AE884D /* ShellScript */,
			);
			buildRules = (
			);
			dependencies = (
			);
			name = "Clic&Farm-iOS";
			productName = "Clic&Farm-iOS";
			productReference = 6BEA656D2105C5EE0072840F /* Clic&Farm-iOS.app */;
			productType = "com.apple.product-type.application";
		};
		6BEA65832105C5EF0072840F /* Clic&Farm-iOSTests */ = {
			isa = PBXNativeTarget;
			buildConfigurationList = 6BEA65902105C5EF0072840F /* Build configuration list for PBXNativeTarget "Clic&Farm-iOSTests" */;
			buildPhases = (
				6BEA65802105C5EF0072840F /* Sources */,
				6BEA65812105C5EF0072840F /* Frameworks */,
				6BEA65822105C5EF0072840F /* Resources */,
			);
			buildRules = (
			);
			dependencies = (
				6BEA65862105C5EF0072840F /* PBXTargetDependency */,
			);
			name = "Clic&Farm-iOSTests";
			productName = "Clic&Farm-iOSTests";
			productReference = 6BEA65842105C5EF0072840F /* Clic&Farm-iOSTests.xctest */;
			productType = "com.apple.product-type.bundle.unit-test";
		};
/* End PBXNativeTarget section */

/* Begin PBXProject section */
		6BEA65652105C5EE0072840F /* Project object */ = {
			isa = PBXProject;
			attributes = {
				LastSwiftUpdateCheck = 0940;
				LastUpgradeCheck = 1000;
				ORGANIZATIONNAME = Ekylibre;
				TargetAttributes = {
					6BEA656C2105C5EE0072840F = {
						CreatedOnToolsVersion = 9.4.1;
						LastSwiftMigration = 1000;
					};
					6BEA65832105C5EF0072840F = {
						CreatedOnToolsVersion = 9.4.1;
						LastSwiftMigration = 1000;
						TestTargetID = 6BEA656C2105C5EE0072840F;
					};
				};
			};
			buildConfigurationList = 6BEA65682105C5EE0072840F /* Build configuration list for PBXProject "Clic&Farm-iOS" */;
			compatibilityVersion = "Xcode 9.3";
			developmentRegion = en;
			hasScannedForEncodings = 0;
			knownRegions = (
				en,
				Base,
				fr,
			);
			mainGroup = 6BEA65642105C5EE0072840F;
			productRefGroup = 6BEA656E2105C5EE0072840F /* Products */;
			projectDirPath = "";
			projectRoot = "";
			targets = (
				6BEA656C2105C5EE0072840F /* Clic&Farm-iOS */,
				6BEA65832105C5EF0072840F /* Clic&Farm-iOSTests */,
			);
		};
/* End PBXProject section */

/* Begin PBXResourcesBuildPhase section */
		6BEA656B2105C5EE0072840F /* Resources */ = {
			isa = PBXResourcesBuildPhase;
			buildActionMask = 2147483647;
			files = (
				040AA0ED21469B4200D75A2D /* Main.storyboard in Resources */,
				041313B321401483005437F0 /* Localizable.strings in Resources */,
				6BA37141213963230086DF9B /* Assets.xcassets in Resources */,
				6B11EEE82139636300E2DEC4 /* LaunchScreen.storyboard in Resources */,
				6BA37142213963230086DF9B /* oauthInfo.plist in Resources */,
			);
			runOnlyForDeploymentPostprocessing = 0;
		};
		6BEA65822105C5EF0072840F /* Resources */ = {
			isa = PBXResourcesBuildPhase;
			buildActionMask = 2147483647;
			files = (
			);
			runOnlyForDeploymentPostprocessing = 0;
		};
/* End PBXResourcesBuildPhase section */

/* Begin PBXShellScriptBuildPhase section */
		0411295B2110939D00AE884D /* ShellScript */ = {
			isa = PBXShellScriptBuildPhase;
			buildActionMask = 2147483647;
			files = (
			);
			inputPaths = (
				"$(SRCROOT)/Carthage/Build/iOS/OAuth2.framework",
			);
			outputPaths = (
			);
			runOnlyForDeploymentPostprocessing = 0;
			shellPath = /bin/sh;
			shellScript = "/usr/local/bin/carthage copy-frameworks\n";
		};
/* End PBXShellScriptBuildPhase section */

/* Begin PBXSourcesBuildPhase section */
		6BEA65692105C5EE0072840F /* Sources */ = {
			isa = PBXSourcesBuildPhase;
			buildActionMask = 2147483647;
			files = (
				6B87EBFC215BCE99004B3DE5 /* AddWeatherToIntervention.swift in Sources */,
				6B11EEEA2139641A00E2DEC4 /* CreateFertilizerView.swift in Sources */,
				6B834B41216508C600BADA79 /* Localizable.swift in Sources */,
				6B11EEEB2139641A00E2DEC4 /* CreatePhytoView.swift in Sources */,
				6B11EEEC2139641A00E2DEC4 /* CreateSeedView.swift in Sources */,
				044B4D45213816B9001A5D3D /* ListTableViewController.swift in Sources */,
				6BEA65DF2105CD820072840F /* InterventionViewController.swift in Sources */,
				6B11EEDD2139635400E2DEC4 /* ListCell.swift in Sources */,
				6BA5D7832149349A0054F969 /* AddEquipmentIntervention.swift in Sources */,
				04162E5E212C434200EF4318 /* InputsView.swift in Sources */,
				6B6D7F92215E76220021FF07 /* MaterialCreationView.swift in Sources */,
				6B11EEE22139635400E2DEC4 /* EntityCell.swift in Sources */,
				6B11EEDB2139635400E2DEC4 /* PhytoCell.swift in Sources */,
				6BA5D7822149349A0054F969 /* AddEntitiesToIntervention.swift in Sources */,
				6B11EEDE2139635400E2DEC4 /* SeedCell.swift in Sources */,
				04162E60212C434A00EF4318 /* SelectDateView.swift in Sources */,
				6BB46F3E2163A392005763A2 /* String+FloatValue.swift in Sources */,
				6BAEC2332137DA3400958F39 /* Clic_Farm_iOS.xcdatamodeld in Sources */,
				6B87EBF7215B8ADF004B3DE5 /* MaterialsView.swift in Sources */,
				047B57D02108618200C48F68 /* AuthentificationService.swift in Sources */,
				6BEA65E52105CD8B0072840F /* Connectivity.swift in Sources */,
				6B11EEE02139635400E2DEC4 /* FertilizerCell.swift in Sources */,
				6B9820DA21621FBE0076FD85 /* AddMaterials.swift in Sources */,
				6B77C3D42141297500520840 /* AddIrrigation.swift in Sources */,
				044B4D602138173E001A5D3D /* CropsView.swift in Sources */,
				0417A58221538B5B009529D5 /* UIApplication+StatusBar.swift in Sources */,
				6BA5D7872149391C0054F969 /* CustomPickerView.swift in Sources */,
				6B11EEDF2139635400E2DEC4 /* InterventionCell.swift in Sources */,
				0410EF0621550C1C003DA2D1 /* HandleKeyboard.swift in Sources */,
				6BEA65E62105CD8B0072840F /* KeychainService.swift in Sources */,
				6B11EEE42139635400E2DEC4 /* PlotCell.swift in Sources */,
				6BA5D77E2149349A0054F969 /* LoginScreen.swift in Sources */,
				6BEA65E72105CD8B0072840F /* Intervention.swift in Sources */,
				047BF0C721060AE4009F3945 /* UsersDatabase.swift in Sources */,
				041E2F5D2133F43A0019168E /* UnitMeasurePickerView.swift in Sources */,
				042A44342121B38600CE6B24 /* ColorConstants.swift in Sources */,
				6B11EEDC2139635400E2DEC4 /* SelectedInputCell.swift in Sources */,
				044B4D47213816C0001A5D3D /* ListProtocol.swift in Sources */,
				6B85D044214A9225009EAF24 /* CropView.swift in Sources */,
				6B834B3F2165000100BADA79 /* AddSelectedInputsToIntervention.swift in Sources */,
				6BB225432118490A0036E167 /* AppDelegate.swift in Sources */,
				6B87EBF9215B8C28004B3DE5 /* MaterialCell.swift in Sources */,
				6BA5D7802149349A0054F969 /* AddInterventionViewController.swift in Sources */,
				6B11EEE12139635400E2DEC4 /* EquipmentCell.swift in Sources */,
				0413139A213FFC3E005437F0 /* Decodables.swift in Sources */,
				6BEA65EB2105CD900072840F /* RoundedButton.swift in Sources */,
			);
			runOnlyForDeploymentPostprocessing = 0;
		};
		6BEA65802105C5EF0072840F /* Sources */ = {
			isa = PBXSourcesBuildPhase;
			buildActionMask = 2147483647;
			files = (
				6BEA65892105C5EF0072840F /* Clic_Farm_iOSTests.swift in Sources */,
			);
			runOnlyForDeploymentPostprocessing = 0;
		};
/* End PBXSourcesBuildPhase section */

/* Begin PBXTargetDependency section */
		6BEA65862105C5EF0072840F /* PBXTargetDependency */ = {
			isa = PBXTargetDependency;
			target = 6BEA656C2105C5EE0072840F /* Clic&Farm-iOS */;
			targetProxy = 6BEA65852105C5EF0072840F /* PBXContainerItemProxy */;
		};
/* End PBXTargetDependency section */

/* Begin PBXVariantGroup section */
		040AA0EF21469B4200D75A2D /* Main.storyboard */ = {
			isa = PBXVariantGroup;
			children = (
				040AA0F021469B5100D75A2D /* Base */,
				041322442147B2A700E55D19 /* fr */,
			);
			name = Main.storyboard;
			sourceTree = "<group>";
		};
		041313AE21401483005437F0 /* Localizable.strings */ = {
			isa = PBXVariantGroup;
			children = (
				041313B021401483005437F0 /* Base */,
				041313B121401483005437F0 /* fr */,
			);
			name = Localizable.strings;
			sourceTree = "<group>";
		};
/* End PBXVariantGroup section */

/* Begin XCBuildConfiguration section */
		6BEA658B2105C5EF0072840F /* Debug */ = {
			isa = XCBuildConfiguration;
			buildSettings = {
				ALWAYS_SEARCH_USER_PATHS = NO;
				CLANG_ANALYZER_LOCALIZABILITY_NONLOCALIZED = YES;
				CLANG_ANALYZER_NONNULL = YES;
				CLANG_ANALYZER_NUMBER_OBJECT_CONVERSION = YES_AGGRESSIVE;
				CLANG_CXX_LANGUAGE_STANDARD = "gnu++14";
				CLANG_CXX_LIBRARY = "libc++";
				CLANG_ENABLE_MODULES = YES;
				CLANG_ENABLE_OBJC_ARC = YES;
				CLANG_ENABLE_OBJC_WEAK = YES;
				CLANG_WARN_BLOCK_CAPTURE_AUTORELEASING = YES;
				CLANG_WARN_BOOL_CONVERSION = YES;
				CLANG_WARN_COMMA = YES;
				CLANG_WARN_CONSTANT_CONVERSION = YES;
				CLANG_WARN_DEPRECATED_OBJC_IMPLEMENTATIONS = YES;
				CLANG_WARN_DIRECT_OBJC_ISA_USAGE = YES_ERROR;
				CLANG_WARN_DOCUMENTATION_COMMENTS = YES;
				CLANG_WARN_EMPTY_BODY = YES;
				CLANG_WARN_ENUM_CONVERSION = YES;
				CLANG_WARN_INFINITE_RECURSION = YES;
				CLANG_WARN_INT_CONVERSION = YES;
				CLANG_WARN_NON_LITERAL_NULL_CONVERSION = YES;
				CLANG_WARN_OBJC_IMPLICIT_RETAIN_SELF = YES;
				CLANG_WARN_OBJC_LITERAL_CONVERSION = YES;
				CLANG_WARN_OBJC_ROOT_CLASS = YES_ERROR;
				CLANG_WARN_RANGE_LOOP_ANALYSIS = YES;
				CLANG_WARN_STRICT_PROTOTYPES = YES;
				CLANG_WARN_SUSPICIOUS_MOVE = YES;
				CLANG_WARN_UNGUARDED_AVAILABILITY = YES_AGGRESSIVE;
				CLANG_WARN_UNREACHABLE_CODE = YES;
				CLANG_WARN__DUPLICATE_METHOD_MATCH = YES;
				CODE_SIGN_IDENTITY = "iPhone Developer";
				COPY_PHASE_STRIP = NO;
				DEBUG_INFORMATION_FORMAT = dwarf;
				ENABLE_STRICT_OBJC_MSGSEND = YES;
				ENABLE_TESTABILITY = YES;
				GCC_C_LANGUAGE_STANDARD = gnu11;
				GCC_DYNAMIC_NO_PIC = NO;
				GCC_NO_COMMON_BLOCKS = YES;
				GCC_OPTIMIZATION_LEVEL = 0;
				GCC_PREPROCESSOR_DEFINITIONS = (
					"DEBUG=1",
					"$(inherited)",
				);
				GCC_WARN_64_TO_32_BIT_CONVERSION = YES;
				GCC_WARN_ABOUT_RETURN_TYPE = YES_ERROR;
				GCC_WARN_UNDECLARED_SELECTOR = YES;
				GCC_WARN_UNINITIALIZED_AUTOS = YES_AGGRESSIVE;
				GCC_WARN_UNUSED_FUNCTION = YES;
				GCC_WARN_UNUSED_VARIABLE = YES;
				IPHONEOS_DEPLOYMENT_TARGET = 11.4;
				MTL_ENABLE_DEBUG_INFO = YES;
				ONLY_ACTIVE_ARCH = YES;
				SDKROOT = iphoneos;
				SWIFT_ACTIVE_COMPILATION_CONDITIONS = DEBUG;
				SWIFT_OPTIMIZATION_LEVEL = "-Onone";
			};
			name = Debug;
		};
		6BEA658C2105C5EF0072840F /* Release */ = {
			isa = XCBuildConfiguration;
			buildSettings = {
				ALWAYS_SEARCH_USER_PATHS = NO;
				CLANG_ANALYZER_LOCALIZABILITY_NONLOCALIZED = YES;
				CLANG_ANALYZER_NONNULL = YES;
				CLANG_ANALYZER_NUMBER_OBJECT_CONVERSION = YES_AGGRESSIVE;
				CLANG_CXX_LANGUAGE_STANDARD = "gnu++14";
				CLANG_CXX_LIBRARY = "libc++";
				CLANG_ENABLE_MODULES = YES;
				CLANG_ENABLE_OBJC_ARC = YES;
				CLANG_ENABLE_OBJC_WEAK = YES;
				CLANG_WARN_BLOCK_CAPTURE_AUTORELEASING = YES;
				CLANG_WARN_BOOL_CONVERSION = YES;
				CLANG_WARN_COMMA = YES;
				CLANG_WARN_CONSTANT_CONVERSION = YES;
				CLANG_WARN_DEPRECATED_OBJC_IMPLEMENTATIONS = YES;
				CLANG_WARN_DIRECT_OBJC_ISA_USAGE = YES_ERROR;
				CLANG_WARN_DOCUMENTATION_COMMENTS = YES;
				CLANG_WARN_EMPTY_BODY = YES;
				CLANG_WARN_ENUM_CONVERSION = YES;
				CLANG_WARN_INFINITE_RECURSION = YES;
				CLANG_WARN_INT_CONVERSION = YES;
				CLANG_WARN_NON_LITERAL_NULL_CONVERSION = YES;
				CLANG_WARN_OBJC_IMPLICIT_RETAIN_SELF = YES;
				CLANG_WARN_OBJC_LITERAL_CONVERSION = YES;
				CLANG_WARN_OBJC_ROOT_CLASS = YES_ERROR;
				CLANG_WARN_RANGE_LOOP_ANALYSIS = YES;
				CLANG_WARN_STRICT_PROTOTYPES = YES;
				CLANG_WARN_SUSPICIOUS_MOVE = YES;
				CLANG_WARN_UNGUARDED_AVAILABILITY = YES_AGGRESSIVE;
				CLANG_WARN_UNREACHABLE_CODE = YES;
				CLANG_WARN__DUPLICATE_METHOD_MATCH = YES;
				CODE_SIGN_IDENTITY = "iPhone Developer";
				COPY_PHASE_STRIP = NO;
				DEBUG_INFORMATION_FORMAT = "dwarf-with-dsym";
				ENABLE_NS_ASSERTIONS = NO;
				ENABLE_STRICT_OBJC_MSGSEND = YES;
				GCC_C_LANGUAGE_STANDARD = gnu11;
				GCC_NO_COMMON_BLOCKS = YES;
				GCC_WARN_64_TO_32_BIT_CONVERSION = YES;
				GCC_WARN_ABOUT_RETURN_TYPE = YES_ERROR;
				GCC_WARN_UNDECLARED_SELECTOR = YES;
				GCC_WARN_UNINITIALIZED_AUTOS = YES_AGGRESSIVE;
				GCC_WARN_UNUSED_FUNCTION = YES;
				GCC_WARN_UNUSED_VARIABLE = YES;
				IPHONEOS_DEPLOYMENT_TARGET = 11.4;
				MTL_ENABLE_DEBUG_INFO = NO;
				SDKROOT = iphoneos;
				SWIFT_COMPILATION_MODE = wholemodule;
				SWIFT_OPTIMIZATION_LEVEL = "-O";
				VALIDATE_PRODUCT = YES;
			};
			name = Release;
		};
		6BEA658E2105C5EF0072840F /* Debug */ = {
			isa = XCBuildConfiguration;
			buildSettings = {
				ASSETCATALOG_COMPILER_APPICON_NAME = AppIcon;
				CODE_SIGN_STYLE = Automatic;
				FRAMEWORK_SEARCH_PATHS = (
					"$(inherited)",
					"$(PROJECT_DIR)/Carthage/Build/iOS",
				);
				INFOPLIST_FILE = "$(SRCROOT)/Resources/Info.plist";
				LD_RUNPATH_SEARCH_PATHS = (
					"$(inherited)",
					"@executable_path/Frameworks",
				);
				PRODUCT_BUNDLE_IDENTIFIER = "com.ekylibre.Clic-Farm-iOS";
				PRODUCT_NAME = "$(TARGET_NAME)";
				SWIFT_VERSION = 4.2;
				TARGETED_DEVICE_FAMILY = "1,2";
			};
			name = Debug;
		};
		6BEA658F2105C5EF0072840F /* Release */ = {
			isa = XCBuildConfiguration;
			buildSettings = {
				ASSETCATALOG_COMPILER_APPICON_NAME = AppIcon;
				CODE_SIGN_STYLE = Automatic;
				FRAMEWORK_SEARCH_PATHS = (
					"$(inherited)",
					"$(PROJECT_DIR)/Carthage/Build/iOS",
				);
				INFOPLIST_FILE = "$(SRCROOT)/Resources/Info.plist";
				LD_RUNPATH_SEARCH_PATHS = (
					"$(inherited)",
					"@executable_path/Frameworks",
				);
				PRODUCT_BUNDLE_IDENTIFIER = "com.ekylibre.Clic-Farm-iOS";
				PRODUCT_NAME = "$(TARGET_NAME)";
				SWIFT_VERSION = 4.2;
				TARGETED_DEVICE_FAMILY = "1,2";
			};
			name = Release;
		};
		6BEA65912105C5EF0072840F /* Debug */ = {
			isa = XCBuildConfiguration;
			buildSettings = {
				ALWAYS_EMBED_SWIFT_STANDARD_LIBRARIES = YES;
				BUNDLE_LOADER = "$(TEST_HOST)";
				CODE_SIGN_STYLE = Automatic;
				INFOPLIST_FILE = "Clic&Farm-iOSTests/Info.plist";
				LD_RUNPATH_SEARCH_PATHS = (
					"$(inherited)",
					"@executable_path/Frameworks",
					"@loader_path/Frameworks",
				);
				PRODUCT_BUNDLE_IDENTIFIER = "ekylibre.Clic-Farm-iOSTests";
				PRODUCT_NAME = "$(TARGET_NAME)";
				SWIFT_VERSION = 4.2;
				TARGETED_DEVICE_FAMILY = "1,2";
				TEST_HOST = "$(BUILT_PRODUCTS_DIR)/Clic&Farm-iOS.app/Clic&Farm-iOS";
			};
			name = Debug;
		};
		6BEA65922105C5EF0072840F /* Release */ = {
			isa = XCBuildConfiguration;
			buildSettings = {
				ALWAYS_EMBED_SWIFT_STANDARD_LIBRARIES = YES;
				BUNDLE_LOADER = "$(TEST_HOST)";
				CODE_SIGN_STYLE = Automatic;
				INFOPLIST_FILE = "Clic&Farm-iOSTests/Info.plist";
				LD_RUNPATH_SEARCH_PATHS = (
					"$(inherited)",
					"@executable_path/Frameworks",
					"@loader_path/Frameworks",
				);
				PRODUCT_BUNDLE_IDENTIFIER = "ekylibre.Clic-Farm-iOSTests";
				PRODUCT_NAME = "$(TARGET_NAME)";
				SWIFT_VERSION = 4.2;
				TARGETED_DEVICE_FAMILY = "1,2";
				TEST_HOST = "$(BUILT_PRODUCTS_DIR)/Clic&Farm-iOS.app/Clic&Farm-iOS";
			};
			name = Release;
		};
/* End XCBuildConfiguration section */

/* Begin XCConfigurationList section */
		6BEA65682105C5EE0072840F /* Build configuration list for PBXProject "Clic&Farm-iOS" */ = {
			isa = XCConfigurationList;
			buildConfigurations = (
				6BEA658B2105C5EF0072840F /* Debug */,
				6BEA658C2105C5EF0072840F /* Release */,
			);
			defaultConfigurationIsVisible = 0;
			defaultConfigurationName = Release;
		};
		6BEA658D2105C5EF0072840F /* Build configuration list for PBXNativeTarget "Clic&Farm-iOS" */ = {
			isa = XCConfigurationList;
			buildConfigurations = (
				6BEA658E2105C5EF0072840F /* Debug */,
				6BEA658F2105C5EF0072840F /* Release */,
			);
			defaultConfigurationIsVisible = 0;
			defaultConfigurationName = Release;
		};
		6BEA65902105C5EF0072840F /* Build configuration list for PBXNativeTarget "Clic&Farm-iOSTests" */ = {
			isa = XCConfigurationList;
			buildConfigurations = (
				6BEA65912105C5EF0072840F /* Debug */,
				6BEA65922105C5EF0072840F /* Release */,
			);
			defaultConfigurationIsVisible = 0;
			defaultConfigurationName = Release;
		};
/* End XCConfigurationList section */

/* Begin XCVersionGroup section */
		6BB2253B211849090036E167 /* Clic_Farm_iOS.xcdatamodeld */ = {
			isa = XCVersionGroup;
			children = (
				6BB2253C211849090036E167 /* Clic_Farm_iOS.xcdatamodel */,
			);
			currentVersion = 6BB2253C211849090036E167 /* Clic_Farm_iOS.xcdatamodel */;
			path = Clic_Farm_iOS.xcdatamodeld;
			sourceTree = "<group>";
			versionGroupType = wrapper.xcdatamodel;
		};
/* End XCVersionGroup section */
	};
	rootObject = 6BEA65652105C5EE0072840F /* Project object */;
}
